
Microsoft Visual Studio Solution File, Format Version 12.00
# Visual Studio Version 17
VisualStudioVersion = 17.9.34616.47
MinimumVisualStudioVersion = 10.0.40219.1
Project("{9A19103F-16F7-4668-BE54-9A1E7A4F7556}") = "CodeGen", "CodeGen\CodeGen.csproj", "{BF559FD5-F496-4721-B762-2EA5A35D1F45}"
EndProject
Project("{9A19103F-16F7-4668-BE54-9A1E7A4F7556}") = "StrykerTests", "Tests\StrykerTests.csproj", "{0EEC851E-71B5-453F-BE02-645BBC959136}"
EndProject
Project("{9A19103F-16F7-4668-BE54-9A1E7A4F7556}") = "FlatSharp.Runtime", "..\..\FlatSharp.Runtime\FlatSharp.Runtime.csproj", "{F9D588F9-51A0-477E-96A3-9881E33EFB2B}"
EndProject
Project("{9A19103F-16F7-4668-BE54-9A1E7A4F7556}") = "FlatSharp.UnityPolyfills", "..\..\FlatSharp.UnityPolyfills\FlatSharp.UnityPolyfills.csproj", "{DEC56E1F-FDEB-4178-A471-4E069DD69EAC}"
EndProject
Global
	GlobalSection(SolutionConfigurationPlatforms) = preSolution
		Debug|Any CPU = Debug|Any CPU
		Release|Any CPU = Release|Any CPU
	EndGlobalSection
	GlobalSection(ProjectConfigurationPlatforms) = postSolution
		{BF559FD5-F496-4721-B762-2EA5A35D1F45}.Debug|Any CPU.ActiveCfg = Debug|Any CPU
		{BF559FD5-F496-4721-B762-2EA5A35D1F45}.Debug|Any CPU.Build.0 = Debug|Any CPU
		{BF559FD5-F496-4721-B762-2EA5A35D1F45}.Release|Any CPU.ActiveCfg = Release|Any CPU
		{BF559FD5-F496-4721-B762-2EA5A35D1F45}.Release|Any CPU.Build.0 = Release|Any CPU
		{0EEC851E-71B5-453F-BE02-645BBC959136}.Debug|Any CPU.ActiveCfg = Debug|Any CPU
		{0EEC851E-71B5-453F-BE02-645BBC959136}.Debug|Any CPU.Build.0 = Debug|Any CPU
		{0EEC851E-71B5-453F-BE02-645BBC959136}.Release|Any CPU.ActiveCfg = Release|Any CPU
		{0EEC851E-71B5-453F-BE02-645BBC959136}.Release|Any CPU.Build.0 = Release|Any CPU
		{F9D588F9-51A0-477E-96A3-9881E33EFB2B}.Debug|Any CPU.ActiveCfg = Debug|Any CPU
		{F9D588F9-51A0-477E-96A3-9881E33EFB2B}.Debug|Any CPU.Build.0 = Debug|Any CPU
		{F9D588F9-51A0-477E-96A3-9881E33EFB2B}.Release|Any CPU.ActiveCfg = Release|Any CPU
		{F9D588F9-51A0-477E-96A3-9881E33EFB2B}.Release|Any CPU.Build.0 = Release|Any CPU
		{DEC56E1F-FDEB-4178-A471-4E069DD69EAC}.Debug|Any CPU.ActiveCfg = Debug|Any CPU
		{DEC56E1F-FDEB-4178-A471-4E069DD69EAC}.Debug|Any CPU.Build.0 = Debug|Any CPU
		{DEC56E1F-FDEB-4178-A471-4E069DD69EAC}.Release|Any CPU.ActiveCfg = Release|Any CPU
		{DEC56E1F-FDEB-4178-A471-4E069DD69EAC}.Release|Any CPU.Build.0 = Release|Any CPU
	EndGlobalSection
	GlobalSection(SolutionProperties) = preSolution
		HideSolutionNode = FALSE
	EndGlobalSection
	GlobalSection(ExtensibilityGlobals) = postSolution
		SolutionGuid = {DAA100EE-7E3A-4209-985E-2CA4FCB8F1E4}
	EndGlobalSection
EndGlobal
