
Microsoft Visual Studio Solution File, Format Version 12.00
# Visual Studio Version 17
VisualStudioVersion = 17.0.31903.59
MinimumVisualStudioVersion = 10.0.40219.1
Project("{9A19103F-16F7-4668-BE54-9A1E7A4F7556}") = "FBSFiles", "FBSFiles\FBSFiles.csproj", "{2A4E291D-457D-4850-A38F-E69E0C1D8EBE}"
EndProject
Project("{9A19103F-16F7-4668-BE54-9A1E7A4F7556}") = "App", "App\App.csproj", "{0BB1DE59-0607-4337-BF96-BA4440A52C5C}"
EndProject
Project("{2150E333-8FDC-42A3-9474-1A3956D46DE8}") = "FBS", "FBS", "{6166EE55-EFBB-4476-89FD-B8776C99C4CE}"
	ProjectSection(SolutionItems) = preProject
		FBSFiles\AccessModifiers.fbs = FBSFiles\AccessModifiers.fbs
		FBSFiles\CopyConstructorTests.fbs = FBSFiles\CopyConstructorTests.fbs
		FBSFiles\DefaultValues.fbs = FBSFiles\DefaultValues.fbs
		FBSFiles\DepthLimit.fbs = FBSFiles\DepthLimit.fbs
		FBSFiles\FileId.fbs = FBSFiles\FileId.fbs
		FBSFiles\FlatBufferSerializerNonGenericTests.fbs = FBSFiles\FlatBufferSerializerNonGenericTests.fbs
		FBSFiles\FlatBufferVectorOfUnionTests.fbs = FBSFiles\FlatBufferVectorOfUnionTests.fbs
		FBSFiles\FlatBufferVectorTests.fbs = FBSFiles\FlatBufferVectorTests.fbs
		FBSFiles\FlatSharp.fbs = FBSFiles\FlatSharp.fbs
		FBSFiles\IndexedVectorTests.fbs = FBSFiles\IndexedVectorTests.fbs
		FBSFiles\InputBufferTests.fbs = FBSFiles\InputBufferTests.fbs
		FBSFiles\NonScalarVectorTests.fbs = FBSFiles\NonScalarVectorTests.fbs
		FBSFiles\PartialMethodsTests.fbs = FBSFiles\PartialMethodsTests.fbs
		FBSFiles\RawData.fbs = FBSFiles\RawData.fbs
		FBSFiles\Required.fbs = FBSFiles\Required.fbs
		FBSFiles\SerializerConfigurationTests.fbs = FBSFiles\SerializerConfigurationTests.fbs
		FBSFiles\SortedVectors.fbs = FBSFiles\SortedVectors.fbs
		FBSFiles\StandardVectors.fbs = FBSFiles\StandardVectors.fbs
		FBSFiles\TableMembers.fbs = FBSFiles\TableMembers.fbs
		FBSFiles\Unions.fbs = FBSFiles\Unions.fbs
		FBSFiles\ValueStructs.fbs = FBSFiles\ValueStructs.fbs
	EndProjectSection
EndProject
Global
	GlobalSection(SolutionConfigurationPlatforms) = preSolution
		Debug|Any CPU = Debug|Any CPU
		Release|Any CPU = Release|Any CPU
	EndGlobalSection
	GlobalSection(ProjectConfigurationPlatforms) = postSolution
		{2A4E291D-457D-4850-A38F-E69E0C1D8EBE}.Debug|Any CPU.ActiveCfg = Debug|Any CPU
		{2A4E291D-457D-4850-A38F-E69E0C1D8EBE}.Debug|Any CPU.Build.0 = Debug|Any CPU
		{2A4E291D-457D-4850-A38F-E69E0C1D8EBE}.Release|Any CPU.ActiveCfg = Release|Any CPU
		{2A4E291D-457D-4850-A38F-E69E0C1D8EBE}.Release|Any CPU.Build.0 = Release|Any CPU
		{0BB1DE59-0607-4337-BF96-BA4440A52C5C}.Debug|Any CPU.ActiveCfg = Debug|Any CPU
		{0BB1DE59-0607-4337-BF96-BA4440A52C5C}.Debug|Any CPU.Build.0 = Debug|Any CPU
		{0BB1DE59-0607-4337-BF96-BA4440A52C5C}.Release|Any CPU.ActiveCfg = Release|Any CPU
		{0BB1DE59-0607-4337-BF96-BA4440A52C5C}.Release|Any CPU.Build.0 = Release|Any CPU
	EndGlobalSection
	GlobalSection(SolutionProperties) = preSolution
		HideSolutionNode = FALSE
	EndGlobalSection
	GlobalSection(ExtensibilityGlobals) = postSolution
		SolutionGuid = {660865EA-A037-47E8-AABE-C0892896C76B}
	EndGlobalSection
EndGlobal
