
Microsoft Visual Studio Solution File, Format Version 12.00
# Visual Studio Version 16
VisualStudioVersion = 16.0.29709.97
MinimumVisualStudioVersion = 10.0.40219.1
Project("{9A19103F-16F7-4668-BE54-9A1E7A4F7556}") = "Samples", "Samples.csproj", "{EB6D16ED-6FB0-4205-9FCF-B971A7C2D516}"
EndProject
Global
	GlobalSection(SolutionConfigurationPlatforms) = preSolution
		Debug|Any CPU = Debug|Any CPU
		Release|Any CPU = Release|Any CPU
	EndGlobalSection
	GlobalSection(ProjectConfigurationPlatforms) = postSolution
		{EB6D16ED-6FB0-4205-9FCF-B971A7C2D516}.Debug|Any CPU.ActiveCfg = Debug|Any CPU
		{EB6D16ED-6FB0-4205-9FCF-B971A7C2D516}.Debug|Any CPU.Build.0 = Debug|Any CPU
		{EB6D16ED-6FB0-4205-9FCF-B971A7C2D516}.Release|Any CPU.ActiveCfg = Release|Any CPU
		{EB6D16ED-6FB0-4205-9FCF-B971A7C2D516}.Release|Any CPU.Build.0 = Release|Any CPU
	EndGlobalSection
	GlobalSection(SolutionProperties) = preSolution
		HideSolutionNode = FALSE
	EndGlobalSection
	GlobalSection(ExtensibilityGlobals) = postSolution
		SolutionGuid = {C7FFE098-183C-484B-A284-176A31AF9BAD}
	EndGlobalSection
EndGlobal
