
Microsoft Visual Studio Solution File, Format Version 12.00
# Visual Studio Version 17
VisualStudioVersion = 17.0.32002.185
MinimumVisualStudioVersion = 10.0.40219.1
Project("{9A19103F-16F7-4668-BE54-9A1E7A4F7556}") = "FlatSharp", "FlatSharp\FlatSharp.csproj", "{D11706AA-5178-4795-9F9C-0DCD751A35B4}"
EndProject
Project("{9A19103F-16F7-4668-BE54-9A1E7A4F7556}") = "FlatSharp.Compiler", "FlatSharp.Compiler\FlatSharp.Compiler.csproj", "{9B3C0F61-A742-4D5A-A487-7D4DB914EC39}"
EndProject
Project("{9A19103F-16F7-4668-BE54-9A1E7A4F7556}") = "FlatSharp.Runtime", "FlatSharp.Runtime\FlatSharp.Runtime.csproj", "{07B42C28-D362-49D5-91D6-795634FF49AA}"
EndProject
Project("{2150E333-8FDC-42A3-9474-1A3956D46DE8}") = "Benchmarks", "Benchmarks", "{83478353-8C5A-41C2-84C2-F79488B43CB0}"
EndProject
Project("{2150E333-8FDC-42A3-9474-1A3956D46DE8}") = "Tests", "Tests", "{D1E90BAE-FC51-44DB-8215-1D9BB6059886}"
EndProject
Project("{9A19103F-16F7-4668-BE54-9A1E7A4F7556}") = "Benchmark", "Benchmarks\Benchmark\Benchmark.csproj", "{09AC4B32-5EAF-4FB0-B2E3-925EF4F5DDAD}"
EndProject
Project("{9A19103F-16F7-4668-BE54-9A1E7A4F7556}") = "ExperimentalBenchmark", "Benchmarks\ExperimentalBenchmark\ExperimentalBenchmark.csproj", "{BD1950AE-7A04-4677-AD81-35F512D45112}"
EndProject
Project("{9A19103F-16F7-4668-BE54-9A1E7A4F7556}") = "FlatSharpCompilerTests", "Tests\FlatSharpCompilerTests\FlatSharpCompilerTests.csproj", "{A72F5D45-6AAF-40F7-AB73-1F4E33CE9A9D}"
EndProject
Project("{9A19103F-16F7-4668-BE54-9A1E7A4F7556}") = "Google.FlatBuffers", "Google.FlatBuffers\Google.FlatBuffers.csproj", "{D0C5D64D-68B1-467A-A097-A49B17A637E8}"
EndProject
Project("{9A19103F-16F7-4668-BE54-9A1E7A4F7556}") = "FlatSharpEndToEndTests", "Tests\FlatSharpEndToEndTests\FlatSharpEndToEndTests.csproj", "{E6B5266D-A983-4A9C-BA2D-85AE1B7CEF07}"
EndProject
Project("{2150E333-8FDC-42A3-9474-1A3956D46DE8}") = "MicroBench", "MicroBench", "{927A2D53-B127-4297-B17A-4E4EEE7ACD0D}"
EndProject
Project("{9A19103F-16F7-4668-BE54-9A1E7A4F7556}") = "Microbench.Current", "Benchmarks\MicroBench.Current\Microbench.Current.csproj", "{5A173CC8-53B4-445B-9AA2-68A61A4BE449}"
EndProject
Project("{9A19103F-16F7-4668-BE54-9A1E7A4F7556}") = "FlatSharpPoolableEndToEndTests", "Tests\FlatSharpPoolableEndToEndTests\FlatSharpPoolableEndToEndTests.csproj", "{7E55A248-4BBD-48AD-B27D-A7E0E705DC89}"
EndProject
Project("{9A19103F-16F7-4668-BE54-9A1E7A4F7556}") = "FlatSharp.UnityPolyfills", "FlatSharp.UnityPolyfills\FlatSharp.UnityPolyfills.csproj", "{E439E4AF-B948-4E6C-8791-1830619EB35B}"
EndProject
Project("{9A19103F-16F7-4668-BE54-9A1E7A4F7556}") = "ExperimentalBenchmarkOld", "Benchmarks\ExperimentalBenchmarkOld\ExperimentalBenchmarkOld.csproj", "{F78DD266-66AF-4125-8179-AE6D7F6B39F9}"
EndProject
Project("{9A19103F-16F7-4668-BE54-9A1E7A4F7556}") = "BenchmarkOld", "Benchmarks\BenchmarkOld\BenchmarkOld.csproj", "{841030EE-D902-4929-AACE-1F93E78F466F}"
EndProject
Project("{2150E333-8FDC-42A3-9474-1A3956D46DE8}") = "Solution Items", "Solution Items", "{8CD2410F-FB62-4CFC-9421-39BC312F9F33}"
	ProjectSection(SolutionItems) = preProject
		Directory.Build.props = Directory.Build.props
		Directory.Build.targets = Directory.Build.targets
		Directory.Packages.props = Directory.Packages.props
	EndProjectSection
EndProject
Project("{2150E333-8FDC-42A3-9474-1A3956D46DE8}") = "Stryker", "Stryker", "{0D70B829-8E3F-42E7-9C52-515167668C45}"
EndProject
Project("{9A19103F-16F7-4668-BE54-9A1E7A4F7556}") = "CodeGen", "Tests\Stryker\CodeGen\CodeGen.csproj", "{32D2394D-E4D1-46F3-B54C-52E7557B462A}"
EndProject
Project("{9A19103F-16F7-4668-BE54-9A1E7A4F7556}") = "StrykerTests", "Tests\Stryker\Tests\StrykerTests.csproj", "{96E89DF9-89F2-4ACC-9DB2-B36E2F0A5DEC}"
EndProject
Project("{2150E333-8FDC-42A3-9474-1A3956D46DE8}") = "CompilationTests", "CompilationTests", "{8A1BB11B-3D1D-4528-A487-7A2E94915D1E}"
EndProject
Project("{9A19103F-16F7-4668-BE54-9A1E7A4F7556}") = "NativeAot", "Tests\CompileTests\NativeAot\NativeAot.csproj", "{90E3970A-31B9-4E68-BCC3-19E1D71DD077}"
EndProject
Project("{9A19103F-16F7-4668-BE54-9A1E7A4F7556}") = "CSharp8", "Tests\CompileTests\CSharp8\CSharp8.csproj", "{C746EE46-E69B-406E-A2CA-7498CF8E1919}"
EndProject
Global
	GlobalSection(SolutionConfigurationPlatforms) = preSolution
		Debug|Any CPU = Debug|Any CPU
		Release|Any CPU = Release|Any CPU
	EndGlobalSection
	GlobalSection(ProjectConfigurationPlatforms) = postSolution
		{D11706AA-5178-4795-9F9C-0DCD751A35B4}.Debug|Any CPU.ActiveCfg = Debug|Any CPU
		{D11706AA-5178-4795-9F9C-0DCD751A35B4}.Debug|Any CPU.Build.0 = Debug|Any CPU
		{D11706AA-5178-4795-9F9C-0DCD751A35B4}.Release|Any CPU.ActiveCfg = Release|Any CPU
		{D11706AA-5178-4795-9F9C-0DCD751A35B4}.Release|Any CPU.Build.0 = Release|Any CPU
		{9B3C0F61-A742-4D5A-A487-7D4DB914EC39}.Debug|Any CPU.ActiveCfg = Debug|Any CPU
		{9B3C0F61-A742-4D5A-A487-7D4DB914EC39}.Debug|Any CPU.Build.0 = Debug|Any CPU
		{9B3C0F61-A742-4D5A-A487-7D4DB914EC39}.Release|Any CPU.ActiveCfg = Release|Any CPU
		{9B3C0F61-A742-4D5A-A487-7D4DB914EC39}.Release|Any CPU.Build.0 = Release|Any CPU
		{07B42C28-D362-49D5-91D6-795634FF49AA}.Debug|Any CPU.ActiveCfg = Debug|Any CPU
		{07B42C28-D362-49D5-91D6-795634FF49AA}.Debug|Any CPU.Build.0 = Debug|Any CPU
		{07B42C28-D362-49D5-91D6-795634FF49AA}.Release|Any CPU.ActiveCfg = Release|Any CPU
		{07B42C28-D362-49D5-91D6-795634FF49AA}.Release|Any CPU.Build.0 = Release|Any CPU
		{09AC4B32-5EAF-4FB0-B2E3-925EF4F5DDAD}.Debug|Any CPU.ActiveCfg = Debug|Any CPU
		{09AC4B32-5EAF-4FB0-B2E3-925EF4F5DDAD}.Debug|Any CPU.Build.0 = Debug|Any CPU
		{09AC4B32-5EAF-4FB0-B2E3-925EF4F5DDAD}.Release|Any CPU.ActiveCfg = Release|Any CPU
		{09AC4B32-5EAF-4FB0-B2E3-925EF4F5DDAD}.Release|Any CPU.Build.0 = Release|Any CPU
		{BD1950AE-7A04-4677-AD81-35F512D45112}.Debug|Any CPU.ActiveCfg = Debug|Any CPU
		{BD1950AE-7A04-4677-AD81-35F512D45112}.Debug|Any CPU.Build.0 = Debug|Any CPU
		{BD1950AE-7A04-4677-AD81-35F512D45112}.Release|Any CPU.ActiveCfg = Release|Any CPU
		{BD1950AE-7A04-4677-AD81-35F512D45112}.Release|Any CPU.Build.0 = Release|Any CPU
		{A72F5D45-6AAF-40F7-AB73-1F4E33CE9A9D}.Debug|Any CPU.ActiveCfg = Debug|Any CPU
		{A72F5D45-6AAF-40F7-AB73-1F4E33CE9A9D}.Debug|Any CPU.Build.0 = Debug|Any CPU
		{A72F5D45-6AAF-40F7-AB73-1F4E33CE9A9D}.Release|Any CPU.ActiveCfg = Release|Any CPU
		{A72F5D45-6AAF-40F7-AB73-1F4E33CE9A9D}.Release|Any CPU.Build.0 = Release|Any CPU
		{D0C5D64D-68B1-467A-A097-A49B17A637E8}.Debug|Any CPU.ActiveCfg = Debug|Any CPU
		{D0C5D64D-68B1-467A-A097-A49B17A637E8}.Debug|Any CPU.Build.0 = Debug|Any CPU
		{D0C5D64D-68B1-467A-A097-A49B17A637E8}.Release|Any CPU.ActiveCfg = Release|Any CPU
		{D0C5D64D-68B1-467A-A097-A49B17A637E8}.Release|Any CPU.Build.0 = Release|Any CPU
		{E6B5266D-A983-4A9C-BA2D-85AE1B7CEF07}.Debug|Any CPU.ActiveCfg = Debug|Any CPU
		{E6B5266D-A983-4A9C-BA2D-85AE1B7CEF07}.Debug|Any CPU.Build.0 = Debug|Any CPU
		{E6B5266D-A983-4A9C-BA2D-85AE1B7CEF07}.Release|Any CPU.ActiveCfg = Release|Any CPU
		{E6B5266D-A983-4A9C-BA2D-85AE1B7CEF07}.Release|Any CPU.Build.0 = Release|Any CPU
		{5A173CC8-53B4-445B-9AA2-68A61A4BE449}.Debug|Any CPU.ActiveCfg = Debug|Any CPU
		{5A173CC8-53B4-445B-9AA2-68A61A4BE449}.Debug|Any CPU.Build.0 = Debug|Any CPU
		{5A173CC8-53B4-445B-9AA2-68A61A4BE449}.Release|Any CPU.ActiveCfg = Release|Any CPU
		{5A173CC8-53B4-445B-9AA2-68A61A4BE449}.Release|Any CPU.Build.0 = Release|Any CPU
		{7E55A248-4BBD-48AD-B27D-A7E0E705DC89}.Debug|Any CPU.ActiveCfg = Debug|Any CPU
		{7E55A248-4BBD-48AD-B27D-A7E0E705DC89}.Debug|Any CPU.Build.0 = Debug|Any CPU
		{7E55A248-4BBD-48AD-B27D-A7E0E705DC89}.Release|Any CPU.ActiveCfg = Release|Any CPU
		{7E55A248-4BBD-48AD-B27D-A7E0E705DC89}.Release|Any CPU.Build.0 = Release|Any CPU
		{E439E4AF-B948-4E6C-8791-1830619EB35B}.Debug|Any CPU.ActiveCfg = Debug|Any CPU
		{E439E4AF-B948-4E6C-8791-1830619EB35B}.Debug|Any CPU.Build.0 = Debug|Any CPU
		{E439E4AF-B948-4E6C-8791-1830619EB35B}.Release|Any CPU.ActiveCfg = Release|Any CPU
		{E439E4AF-B948-4E6C-8791-1830619EB35B}.Release|Any CPU.Build.0 = Release|Any CPU
		{F78DD266-66AF-4125-8179-AE6D7F6B39F9}.Debug|Any CPU.ActiveCfg = Debug|Any CPU
		{F78DD266-66AF-4125-8179-AE6D7F6B39F9}.Debug|Any CPU.Build.0 = Debug|Any CPU
		{F78DD266-66AF-4125-8179-AE6D7F6B39F9}.Release|Any CPU.ActiveCfg = Release|Any CPU
		{F78DD266-66AF-4125-8179-AE6D7F6B39F9}.Release|Any CPU.Build.0 = Release|Any CPU
		{841030EE-D902-4929-AACE-1F93E78F466F}.Debug|Any CPU.ActiveCfg = Debug|Any CPU
		{841030EE-D902-4929-AACE-1F93E78F466F}.Debug|Any CPU.Build.0 = Debug|Any CPU
		{841030EE-D902-4929-AACE-1F93E78F466F}.Release|Any CPU.ActiveCfg = Release|Any CPU
		{841030EE-D902-4929-AACE-1F93E78F466F}.Release|Any CPU.Build.0 = Release|Any CPU
		{32D2394D-E4D1-46F3-B54C-52E7557B462A}.Debug|Any CPU.ActiveCfg = Debug|Any CPU
		{32D2394D-E4D1-46F3-B54C-52E7557B462A}.Debug|Any CPU.Build.0 = Debug|Any CPU
		{32D2394D-E4D1-46F3-B54C-52E7557B462A}.Release|Any CPU.ActiveCfg = Release|Any CPU
		{32D2394D-E4D1-46F3-B54C-52E7557B462A}.Release|Any CPU.Build.0 = Release|Any CPU
		{96E89DF9-89F2-4ACC-9DB2-B36E2F0A5DEC}.Debug|Any CPU.ActiveCfg = Debug|Any CPU
		{96E89DF9-89F2-4ACC-9DB2-B36E2F0A5DEC}.Debug|Any CPU.Build.0 = Debug|Any CPU
		{96E89DF9-89F2-4ACC-9DB2-B36E2F0A5DEC}.Release|Any CPU.ActiveCfg = Release|Any CPU
		{96E89DF9-89F2-4ACC-9DB2-B36E2F0A5DEC}.Release|Any CPU.Build.0 = Release|Any CPU
		{90E3970A-31B9-4E68-BCC3-19E1D71DD077}.Debug|Any CPU.ActiveCfg = Debug|Any CPU
		{90E3970A-31B9-4E68-BCC3-19E1D71DD077}.Debug|Any CPU.Build.0 = Debug|Any CPU
		{90E3970A-31B9-4E68-BCC3-19E1D71DD077}.Release|Any CPU.ActiveCfg = Release|Any CPU
		{90E3970A-31B9-4E68-BCC3-19E1D71DD077}.Release|Any CPU.Build.0 = Release|Any CPU
		{C746EE46-E69B-406E-A2CA-7498CF8E1919}.Debug|Any CPU.ActiveCfg = Debug|Any CPU
		{C746EE46-E69B-406E-A2CA-7498CF8E1919}.Debug|Any CPU.Build.0 = Debug|Any CPU
		{C746EE46-E69B-406E-A2CA-7498CF8E1919}.Release|Any CPU.ActiveCfg = Release|Any CPU
		{C746EE46-E69B-406E-A2CA-7498CF8E1919}.Release|Any CPU.Build.0 = Release|Any CPU
	EndGlobalSection
	GlobalSection(SolutionProperties) = preSolution
		HideSolutionNode = FALSE
	EndGlobalSection
	GlobalSection(NestedProjects) = preSolution
		{09AC4B32-5EAF-4FB0-B2E3-925EF4F5DDAD} = {83478353-8C5A-41C2-84C2-F79488B43CB0}
		{BD1950AE-7A04-4677-AD81-35F512D45112} = {83478353-8C5A-41C2-84C2-F79488B43CB0}
		{A72F5D45-6AAF-40F7-AB73-1F4E33CE9A9D} = {D1E90BAE-FC51-44DB-8215-1D9BB6059886}
		{E6B5266D-A983-4A9C-BA2D-85AE1B7CEF07} = {D1E90BAE-FC51-44DB-8215-1D9BB6059886}
		{927A2D53-B127-4297-B17A-4E4EEE7ACD0D} = {83478353-8C5A-41C2-84C2-F79488B43CB0}
		{5A173CC8-53B4-445B-9AA2-68A61A4BE449} = {927A2D53-B127-4297-B17A-4E4EEE7ACD0D}
		{7E55A248-4BBD-48AD-B27D-A7E0E705DC89} = {D1E90BAE-FC51-44DB-8215-1D9BB6059886}
		{F78DD266-66AF-4125-8179-AE6D7F6B39F9} = {83478353-8C5A-41C2-84C2-F79488B43CB0}
		{841030EE-D902-4929-AACE-1F93E78F466F} = {83478353-8C5A-41C2-84C2-F79488B43CB0}
		{0D70B829-8E3F-42E7-9C52-515167668C45} = {D1E90BAE-FC51-44DB-8215-1D9BB6059886}
		{32D2394D-E4D1-46F3-B54C-52E7557B462A} = {0D70B829-8E3F-42E7-9C52-515167668C45}
		{96E89DF9-89F2-4ACC-9DB2-B36E2F0A5DEC} = {0D70B829-8E3F-42E7-9C52-515167668C45}
		{8A1BB11B-3D1D-4528-A487-7A2E94915D1E} = {D1E90BAE-FC51-44DB-8215-1D9BB6059886}
		{90E3970A-31B9-4E68-BCC3-19E1D71DD077} = {8A1BB11B-3D1D-4528-A487-7A2E94915D1E}
		{C746EE46-E69B-406E-A2CA-7498CF8E1919} = {8A1BB11B-3D1D-4528-A487-7A2E94915D1E}
	EndGlobalSection
	GlobalSection(ExtensibilityGlobals) = postSolution
		SolutionGuid = {726A4C0E-5760-4B35-8C73-9AC21B2E4C8B}
	EndGlobalSection
EndGlobal
