
Microsoft Visual Studio Solution File, Format Version 12.00
# Visual Studio Version 16
VisualStudioVersion = 16.0.29709.97
MinimumVisualStudioVersion = 10.0.40219.1
Project("{9A19103F-16F7-4668-BE54-9A1E7A4F7556}") = "Benchmark", "Benchmark\Benchmark.csproj", "{70AAF4BA-C7B7-436B-ABD2-1B533CD0A4E0}"
EndProject
Project("{9A19103F-16F7-4668-BE54-9A1E7A4F7556}") = "ExperimentalBenchmark", "ExperimentalBenchmark\ExperimentalBenchmark.csproj", "{428BC458-F33D-4A19-B2AB-C7CC5F0645B9}"
EndProject
Project("{9A19103F-16F7-4668-BE54-9A1E7A4F7556}") = "FlatSharp", "FlatSharp\FlatSharp.csproj", "{D11706AA-5178-4795-9F9C-0DCD751A35B4}"
EndProject
Project("{9A19103F-16F7-4668-BE54-9A1E7A4F7556}") = "FlatSharpTests", "FlatSharpTests\FlatSharpTests.csproj", "{2800ACA6-E3EC-497B-9D89-32C2158F302C}"
EndProject
Project("{9A19103F-16F7-4668-BE54-9A1E7A4F7556}") = "Google.FlatBuffers", "Google.FlatBuffers\Google.FlatBuffers.csproj", "{4FFDA329-29FE-4509-B373-C9B3C0E2710F}"
EndProject
Project("{9A19103F-16F7-4668-BE54-9A1E7A4F7556}") = "FlatSharp.Unsafe", "FlatSharp.Unsafe\FlatSharp.Unsafe.csproj", "{6282B9BF-A8C5-461C-8512-7742976308E4}"
EndProject
Project("{9A19103F-16F7-4668-BE54-9A1E7A4F7556}") = "FlatSharp.Compiler", "FlatSharp.Compiler\FlatSharp.Compiler.csproj", "{9B3C0F61-A742-4D5A-A487-7D4DB914EC39}"
EndProject
Project("{9A19103F-16F7-4668-BE54-9A1E7A4F7556}") = "FlatSharp.Runtime", "FlatSharp.Runtime\FlatSharp.Runtime.csproj", "{07B42C28-D362-49D5-91D6-795634FF49AA}"
EndProject
Project("{2150E333-8FDC-42A3-9474-1A3956D46DE8}") = "Benchmarks", "Benchmarks", "{83478353-8C5A-41C2-84C2-F79488B43CB0}"
EndProject
Project("{9A19103F-16F7-4668-BE54-9A1E7A4F7556}") = "Benchmark.3.3.0", "Benchmark.3.3.0\Benchmark.3.3.0.csproj", "{87E539C3-FE9D-473A-8556-F719B3C3F70A}"
EndProject
Project("{2150E333-8FDC-42A3-9474-1A3956D46DE8}") = "Tests", "Tests", "{D1E90BAE-FC51-44DB-8215-1D9BB6059886}"
EndProject
Project("{9A19103F-16F7-4668-BE54-9A1E7A4F7556}") = "Benchmark.4.0.0", "Benchmark.4.0.0\Benchmark.4.0.0.csproj", "{EF72AAF5-0905-4A2B-A1A4-E8B1B35E7CE7}"
EndProject
Project("{9A19103F-16F7-4668-BE54-9A1E7A4F7556}") = "Benchmark.5.0.0", "Benchmark.5.0.0\Benchmark.5.0.0.csproj", "{16588143-791E-4A95-B210-3B9555C56BD1}"
EndProject
Global
	GlobalSection(SolutionConfigurationPlatforms) = preSolution
		Debug|Any CPU = Debug|Any CPU
		Release|Any CPU = Release|Any CPU
	EndGlobalSection
	GlobalSection(ProjectConfigurationPlatforms) = postSolution
		{70AAF4BA-C7B7-436B-ABD2-1B533CD0A4E0}.Debug|Any CPU.ActiveCfg = Debug|Any CPU
		{70AAF4BA-C7B7-436B-ABD2-1B533CD0A4E0}.Debug|Any CPU.Build.0 = Debug|Any CPU
		{70AAF4BA-C7B7-436B-ABD2-1B533CD0A4E0}.Release|Any CPU.ActiveCfg = Release|Any CPU
		{70AAF4BA-C7B7-436B-ABD2-1B533CD0A4E0}.Release|Any CPU.Build.0 = Release|Any CPU
		{428BC458-F33D-4A19-B2AB-C7CC5F0645B9}.Debug|Any CPU.ActiveCfg = Debug|Any CPU
		{428BC458-F33D-4A19-B2AB-C7CC5F0645B9}.Debug|Any CPU.Build.0 = Debug|Any CPU
		{428BC458-F33D-4A19-B2AB-C7CC5F0645B9}.Release|Any CPU.ActiveCfg = Release|Any CPU
		{428BC458-F33D-4A19-B2AB-C7CC5F0645B9}.Release|Any CPU.Build.0 = Release|Any CPU
		{D11706AA-5178-4795-9F9C-0DCD751A35B4}.Debug|Any CPU.ActiveCfg = Debug|Any CPU
		{D11706AA-5178-4795-9F9C-0DCD751A35B4}.Debug|Any CPU.Build.0 = Debug|Any CPU
		{D11706AA-5178-4795-9F9C-0DCD751A35B4}.Release|Any CPU.ActiveCfg = Release|Any CPU
		{D11706AA-5178-4795-9F9C-0DCD751A35B4}.Release|Any CPU.Build.0 = Release|Any CPU
		{2800ACA6-E3EC-497B-9D89-32C2158F302C}.Debug|Any CPU.ActiveCfg = Debug|Any CPU
		{2800ACA6-E3EC-497B-9D89-32C2158F302C}.Debug|Any CPU.Build.0 = Debug|Any CPU
		{2800ACA6-E3EC-497B-9D89-32C2158F302C}.Release|Any CPU.ActiveCfg = Release|Any CPU
		{2800ACA6-E3EC-497B-9D89-32C2158F302C}.Release|Any CPU.Build.0 = Release|Any CPU
		{4FFDA329-29FE-4509-B373-C9B3C0E2710F}.Debug|Any CPU.ActiveCfg = Debug|Any CPU
		{4FFDA329-29FE-4509-B373-C9B3C0E2710F}.Debug|Any CPU.Build.0 = Debug|Any CPU
		{4FFDA329-29FE-4509-B373-C9B3C0E2710F}.Release|Any CPU.ActiveCfg = Release|Any CPU
		{4FFDA329-29FE-4509-B373-C9B3C0E2710F}.Release|Any CPU.Build.0 = Release|Any CPU
		{6282B9BF-A8C5-461C-8512-7742976308E4}.Debug|Any CPU.ActiveCfg = Debug|Any CPU
		{6282B9BF-A8C5-461C-8512-7742976308E4}.Debug|Any CPU.Build.0 = Debug|Any CPU
		{6282B9BF-A8C5-461C-8512-7742976308E4}.Release|Any CPU.ActiveCfg = Release|Any CPU
		{6282B9BF-A8C5-461C-8512-7742976308E4}.Release|Any CPU.Build.0 = Release|Any CPU
		{9B3C0F61-A742-4D5A-A487-7D4DB914EC39}.Debug|Any CPU.ActiveCfg = Debug|Any CPU
		{9B3C0F61-A742-4D5A-A487-7D4DB914EC39}.Debug|Any CPU.Build.0 = Debug|Any CPU
		{9B3C0F61-A742-4D5A-A487-7D4DB914EC39}.Release|Any CPU.ActiveCfg = Release|Any CPU
		{9B3C0F61-A742-4D5A-A487-7D4DB914EC39}.Release|Any CPU.Build.0 = Release|Any CPU
		{07B42C28-D362-49D5-91D6-795634FF49AA}.Debug|Any CPU.ActiveCfg = Debug|Any CPU
		{07B42C28-D362-49D5-91D6-795634FF49AA}.Debug|Any CPU.Build.0 = Debug|Any CPU
		{07B42C28-D362-49D5-91D6-795634FF49AA}.Release|Any CPU.ActiveCfg = Release|Any CPU
		{07B42C28-D362-49D5-91D6-795634FF49AA}.Release|Any CPU.Build.0 = Release|Any CPU
		{87E539C3-FE9D-473A-8556-F719B3C3F70A}.Debug|Any CPU.ActiveCfg = Debug|Any CPU
		{87E539C3-FE9D-473A-8556-F719B3C3F70A}.Debug|Any CPU.Build.0 = Debug|Any CPU
		{87E539C3-FE9D-473A-8556-F719B3C3F70A}.Release|Any CPU.ActiveCfg = Release|Any CPU
		{87E539C3-FE9D-473A-8556-F719B3C3F70A}.Release|Any CPU.Build.0 = Release|Any CPU
		{EF72AAF5-0905-4A2B-A1A4-E8B1B35E7CE7}.Debug|Any CPU.ActiveCfg = Debug|Any CPU
		{EF72AAF5-0905-4A2B-A1A4-E8B1B35E7CE7}.Debug|Any CPU.Build.0 = Debug|Any CPU
		{EF72AAF5-0905-4A2B-A1A4-E8B1B35E7CE7}.Release|Any CPU.ActiveCfg = Release|Any CPU
		{EF72AAF5-0905-4A2B-A1A4-E8B1B35E7CE7}.Release|Any CPU.Build.0 = Release|Any CPU
		{16588143-791E-4A95-B210-3B9555C56BD1}.Debug|Any CPU.ActiveCfg = Debug|Any CPU
		{16588143-791E-4A95-B210-3B9555C56BD1}.Debug|Any CPU.Build.0 = Debug|Any CPU
		{16588143-791E-4A95-B210-3B9555C56BD1}.Release|Any CPU.ActiveCfg = Release|Any CPU
		{16588143-791E-4A95-B210-3B9555C56BD1}.Release|Any CPU.Build.0 = Release|Any CPU
	EndGlobalSection
	GlobalSection(SolutionProperties) = preSolution
		HideSolutionNode = FALSE
	EndGlobalSection
	GlobalSection(NestedProjects) = preSolution
		{70AAF4BA-C7B7-436B-ABD2-1B533CD0A4E0} = {83478353-8C5A-41C2-84C2-F79488B43CB0}
		{428BC458-F33D-4A19-B2AB-C7CC5F0645B9} = {83478353-8C5A-41C2-84C2-F79488B43CB0}
		{2800ACA6-E3EC-497B-9D89-32C2158F302C} = {D1E90BAE-FC51-44DB-8215-1D9BB6059886}
		{4FFDA329-29FE-4509-B373-C9B3C0E2710F} = {D1E90BAE-FC51-44DB-8215-1D9BB6059886}
		{87E539C3-FE9D-473A-8556-F719B3C3F70A} = {83478353-8C5A-41C2-84C2-F79488B43CB0}
		{EF72AAF5-0905-4A2B-A1A4-E8B1B35E7CE7} = {83478353-8C5A-41C2-84C2-F79488B43CB0}
		{16588143-791E-4A95-B210-3B9555C56BD1} = {83478353-8C5A-41C2-84C2-F79488B43CB0}
	EndGlobalSection
	GlobalSection(ExtensibilityGlobals) = postSolution
		SolutionGuid = {726A4C0E-5760-4B35-8C73-9AC21B2E4C8B}
	EndGlobalSection
EndGlobal
